dependencies:
- name: elasticsearch
  repository: https://helm.elastic.co
  version: 7.10.2
- name: opensearch
  repository: https://opensearch-project.github.io/helm-charts/
  version: 1.8.0
- name: kibana
  repository: https://helm.elastic.co
  version: 7.9.3
- name: kube-prometheus-stack
  repository: https://prometheus-community.github.io/helm-charts
  version: 12.0.4
digest: sha256:d0a8f85c97a601c7af44209aa3c461800a64e357db8d6518fe37e96fad72bfd5
generated: "2022-03-02T10:10:27.942604+02:00"
